// !$*UTF8*$!
{
	archiveVersion = 1;
	classes = {
	};
	objectVersion = 48;
	objects = {

/* Begin PBXBuildFile section */
		DD0EC3F720B9CF8D00501D72 /* main.swift in Sources */ = {isa = PBXBuildFile; fileRef = DD0EC3F620B9CF8D00501D72 /* main.swift */; };
		DD0EC40420BB107F00501D72 /* main.swift in Sources */ = {isa = PBXBuildFile; fileRef = DD0EC40320BB107F00501D72 /* main.swift */; };
		DD0EC40F20BB931600501D72 /* main.swift in Sources */ = {isa = PBXBuildFile; fileRef = DD0EC40E20BB931600501D72 /* main.swift */; };
		DD0EC41420BBCB2700501D72 /* Animal.swift in Sources */ = {isa = PBXBuildFile; fileRef = DD0EC41320BBCB2700501D72 /* Animal.swift */; };
		DD0EC41620BBCBDC00501D72 /* Person.swift in Sources */ = {isa = PBXBuildFile; fileRef = DD0EC41520BBCBDC00501D72 /* Person.swift */; };
		DD0EC41E20BBD4A700501D72 /* main.swift in Sources */ = {isa = PBXBuildFile; fileRef = DD0EC41D20BBD4A700501D72 /* main.swift */; };
		DD0EC42920BD8F5F00501D72 /* main.swift in Sources */ = {isa = PBXBuildFile; fileRef = DD0EC42820BD8F5F00501D72 /* main.swift */; };
		DD0EC43420BDB09200501D72 /* main.swift in Sources */ = {isa = PBXBuildFile; fileRef = DD0EC43320BDB09200501D72 /* main.swift */; };
		DD0EC43B20BEE98900501D72 /* People.swift in Sources */ = {isa = PBXBuildFile; fileRef = DD0EC43A20BEE98900501D72 /* People.swift */; };
		DD0EC43D20BF234800501D72 /* Dog.swift in Sources */ = {isa = PBXBuildFile; fileRef = DD0EC43C20BF234800501D72 /* Dog.swift */; };
		DD73815820B9AF4E00DBB991 /* main.swift in Sources */ = {isa = PBXBuildFile; fileRef = DD73815720B9AF4E00DBB991 /* main.swift */; };
/* End PBXBuildFile section */

/* Begin PBXCopyFilesBuildPhase section */
		DD0EC3F220B9CF8D00501D72 /* CopyFiles */ = {
			isa = PBXCopyFilesBuildPhase;
			buildActionMask = 2147483647;
			dstPath = /usr/share/man/man1/;
			dstSubfolderSpec = 0;
			files = (
			);
			runOnlyForDeploymentPostprocessing = 1;
		};
		DD0EC3FF20BB107F00501D72 /* CopyFiles */ = {
			isa = PBXCopyFilesBuildPhase;
			buildActionMask = 2147483647;
			dstPath = /usr/share/man/man1/;
			dstSubfolderSpec = 0;
			files = (
			);
			runOnlyForDeploymentPostprocessing = 1;
		};
		DD0EC40A20BB931600501D72 /* CopyFiles */ = {
			isa = PBXCopyFilesBuildPhase;
			buildActionMask = 2147483647;
			dstPath = /usr/share/man/man1/;
			dstSubfolderSpec = 0;
			files = (
			);
			runOnlyForDeploymentPostprocessing = 1;
		};
		DD0EC41920BBD4A700501D72 /* CopyFiles */ = {
			isa = PBXCopyFilesBuildPhase;
			buildActionMask = 2147483647;
			dstPath = /usr/share/man/man1/;
			dstSubfolderSpec = 0;
			files = (
			);
			runOnlyForDeploymentPostprocessing = 1;
		};
		DD0EC42420BD8F5F00501D72 /* CopyFiles */ = {
			isa = PBXCopyFilesBuildPhase;
			buildActionMask = 2147483647;
			dstPath = /usr/share/man/man1/;
			dstSubfolderSpec = 0;
			files = (
			);
			runOnlyForDeploymentPostprocessing = 1;
		};
		DD0EC42F20BDB09200501D72 /* CopyFiles */ = {
			isa = PBXCopyFilesBuildPhase;
			buildActionMask = 2147483647;
			dstPath = /usr/share/man/man1/;
			dstSubfolderSpec = 0;
			files = (
			);
			runOnlyForDeploymentPostprocessing = 1;
		};
		DD73815220B9AF4E00DBB991 /* CopyFiles */ = {
			isa = PBXCopyFilesBuildPhase;
			buildActionMask = 2147483647;
			dstPath = /usr/share/man/man1/;
			dstSubfolderSpec = 0;
			files = (
			);
			runOnlyForDeploymentPostprocessing = 1;
		};
/* End PBXCopyFilesBuildPhase section */

/* Begin PBXFileReference section */
		DD0EC3F420B9CF8D00501D72 /* optional */ = {isa = PBXFileReference; explicitFileType = "compiled.mach-o.executable"; includeInIndex = 0; path = optional; sourceTree = BUILT_PRODUCTS_DIR; };
		DD0EC3F620B9CF8D00501D72 /* main.swift */ = {isa = PBXFileReference; lastKnownFileType = sourcecode.swift; path = main.swift; sourceTree = "<group>"; };
		DD0EC3FB20B9D56E00501D72 /* README.md */ = {isa = PBXFileReference; lastKnownFileType = net.daringfireball.markdown; path = README.md; sourceTree = "<group>"; };
		DD0EC3FC20B9D66100501D72 /* everyday.md */ = {isa = PBXFileReference; lastKnownFileType = net.daringfireball.markdown; path = everyday.md; sourceTree = "<group>"; };
		DD0EC40120BB107F00501D72 /* tuple */ = {isa = PBXFileReference; explicitFileType = "compiled.mach-o.executable"; includeInIndex = 0; path = tuple; sourceTree = BUILT_PRODUCTS_DIR; };
		DD0EC40320BB107F00501D72 /* main.swift */ = {isa = PBXFileReference; lastKnownFileType = sourcecode.swift; path = main.swift; sourceTree = "<group>"; };
		DD0EC40C20BB931600501D72 /* class */ = {isa = PBXFileReference; explicitFileType = "compiled.mach-o.executable"; includeInIndex = 0; path = class; sourceTree = BUILT_PRODUCTS_DIR; };
		DD0EC40E20BB931600501D72 /* main.swift */ = {isa = PBXFileReference; lastKnownFileType = sourcecode.swift; path = main.swift; sourceTree = "<group>"; };
		DD0EC41320BBCB2700501D72 /* Animal.swift */ = {isa = PBXFileReference; lastKnownFileType = sourcecode.swift; path = Animal.swift; sourceTree = "<group>"; };
		DD0EC41520BBCBDC00501D72 /* Person.swift */ = {isa = PBXFileReference; lastKnownFileType = sourcecode.swift; path = Person.swift; sourceTree = "<group>"; };
		DD0EC41B20BBD4A700501D72 /* string */ = {isa = PBXFileReference; explicitFileType = "compiled.mach-o.executable"; includeInIndex = 0; path = string; sourceTree = BUILT_PRODUCTS_DIR; };
		DD0EC41D20BBD4A700501D72 /* main.swift */ = {isa = PBXFileReference; lastKnownFileType = sourcecode.swift; path = main.swift; sourceTree = "<group>"; };
		DD0EC42620BD8F5F00501D72 /* fundemental */ = {isa = PBXFileReference; explicitFileType = "compiled.mach-o.executable"; includeInIndex = 0; path = fundemental; sourceTree = BUILT_PRODUCTS_DIR; };
		DD0EC42820BD8F5F00501D72 /* main.swift */ = {isa = PBXFileReference; lastKnownFileType = sourcecode.swift; path = main.swift; sourceTree = "<group>"; };
		DD0EC43120BDB09200501D72 /* closures */ = {isa = PBXFileReference; explicitFileType = "compiled.mach-o.executable"; includeInIndex = 0; path = closures; sourceTree = BUILT_PRODUCTS_DIR; };
		DD0EC43320BDB09200501D72 /* main.swift */ = {isa = PBXFileReference; lastKnownFileType = sourcecode.swift; path = main.swift; sourceTree = "<group>"; };
		DD0EC43A20BEE98900501D72 /* People.swift */ = {isa = PBXFileReference; lastKnownFileType = sourcecode.swift; path = People.swift; sourceTree = "<group>"; };
		DD0EC43C20BF234800501D72 /* Dog.swift */ = {isa = PBXFileReference; lastKnownFileType = sourcecode.swift; path = Dog.swift; sourceTree = "<group>"; };
		DD73815420B9AF4E00DBB991 /* func */ = {isa = PBXFileReference; explicitFileType = "compiled.mach-o.executable"; includeInIndex = 0; path = func; sourceTree = BUILT_PRODUCTS_DIR; };
		DD73815720B9AF4E00DBB991 /* main.swift */ = {isa = PBXFileReference; lastKnownFileType = sourcecode.swift; path = main.swift; sourceTree = "<group>"; };
/* End PBXFileReference section */

/* Begin PBXFrameworksBuildPhase section */
		DD0EC3F120B9CF8D00501D72 /* Frameworks */ = {
			isa = PBXFrameworksBuildPhase;
			buildActionMask = 2147483647;
			files = (
			);
			runOnlyForDeploymentPostprocessing = 0;
		};
		DD0EC3FE20BB107F00501D72 /* Frameworks */ = {
			isa = PBXFrameworksBuildPhase;
			buildActionMask = 2147483647;
			files = (
			);
			runOnlyForDeploymentPostprocessing = 0;
		};
		DD0EC40920BB931600501D72 /* Frameworks */ = {
			isa = PBXFrameworksBuildPhase;
			buildActionMask = 2147483647;
			files = (
			);
			runOnlyForDeploymentPostprocessing = 0;
		};
		DD0EC41820BBD4A700501D72 /* Frameworks */ = {
			isa = PBXFrameworksBuildPhase;
			buildActionMask = 2147483647;
			files = (
			);
			runOnlyForDeploymentPostprocessing = 0;
		};
		DD0EC42320BD8F5F00501D72 /* Frameworks */ = {
			isa = PBXFrameworksBuildPhase;
			buildActionMask = 2147483647;
			files = (
			);
			runOnlyForDeploymentPostprocessing = 0;
		};
		DD0EC42E20BDB09200501D72 /* Frameworks */ = {
			isa = PBXFrameworksBuildPhase;
			buildActionMask = 2147483647;
			files = (
			);
			runOnlyForDeploymentPostprocessing = 0;
		};
		DD73815120B9AF4E00DBB991 /* Frameworks */ = {
			isa = PBXFrameworksBuildPhase;
			buildActionMask = 2147483647;
			files = (
			);
			runOnlyForDeploymentPostprocessing = 0;
		};
/* End PBXFrameworksBuildPhase section */

/* Begin PBXGroup section */
		DD0EC3F520B9CF8D00501D72 /* optional */ = {
			isa = PBXGroup;
			children = (
				DD0EC3F620B9CF8D00501D72 /* main.swift */,
			);
			path = optional;
			sourceTree = "<group>";
		};
		DD0EC40220BB107F00501D72 /* tuple */ = {
			isa = PBXGroup;
			children = (
				DD0EC40320BB107F00501D72 /* main.swift */,
			);
			path = tuple;
			sourceTree = "<group>";
		};
		DD0EC40D20BB931600501D72 /* class */ = {
			isa = PBXGroup;
			children = (
				DD0EC40E20BB931600501D72 /* main.swift */,
				DD0EC41320BBCB2700501D72 /* Animal.swift */,
				DD0EC41520BBCBDC00501D72 /* Person.swift */,
				DD0EC43A20BEE98900501D72 /* People.swift */,
				DD0EC43C20BF234800501D72 /* Dog.swift */,
			);
			path = class;
			sourceTree = "<group>";
		};
		DD0EC41C20BBD4A700501D72 /* string */ = {
			isa = PBXGroup;
			children = (
				DD0EC41D20BBD4A700501D72 /* main.swift */,
			);
			path = string;
			sourceTree = "<group>";
		};
		DD0EC42720BD8F5F00501D72 /* fundemental */ = {
			isa = PBXGroup;
			children = (
				DD0EC42820BD8F5F00501D72 /* main.swift */,
			);
			path = fundemental;
			sourceTree = "<group>";
		};
		DD0EC43220BDB09200501D72 /* closures */ = {
			isa = PBXGroup;
			children = (
				DD0EC43320BDB09200501D72 /* main.swift */,
			);
			path = closures;
			sourceTree = "<group>";
		};
		DD73814B20B9AF4D00DBB991 = {
			isa = PBXGroup;
			children = (
				DD0EC3FC20B9D66100501D72 /* everyday.md */,
				DD0EC3FB20B9D56E00501D72 /* README.md */,
				DD73815620B9AF4E00DBB991 /* func */,
				DD0EC3F520B9CF8D00501D72 /* optional */,
				DD0EC40220BB107F00501D72 /* tuple */,
				DD0EC40D20BB931600501D72 /* class */,
				DD0EC41C20BBD4A700501D72 /* string */,
				DD0EC42720BD8F5F00501D72 /* fundemental */,
				DD0EC43220BDB09200501D72 /* closures */,
				DD73815520B9AF4E00DBB991 /* Products */,
			);
			sourceTree = "<group>";
		};
		DD73815520B9AF4E00DBB991 /* Products */ = {
			isa = PBXGroup;
			children = (
				DD73815420B9AF4E00DBB991 /* func */,
				DD0EC3F420B9CF8D00501D72 /* optional */,
				DD0EC40120BB107F00501D72 /* tuple */,
				DD0EC40C20BB931600501D72 /* class */,
				DD0EC41B20BBD4A700501D72 /* string */,
				DD0EC42620BD8F5F00501D72 /* fundemental */,
				DD0EC43120BDB09200501D72 /* closures */,
			);
			name = Products;
			sourceTree = "<group>";
		};
		DD73815620B9AF4E00DBB991 /* func */ = {
			isa = PBXGroup;
			children = (
				DD73815720B9AF4E00DBB991 /* main.swift */,
			);
			path = func;
			sourceTree = "<group>";
		};
/* End PBXGroup section */

/* Begin PBXNativeTarget section */
		DD0EC3F320B9CF8D00501D72 /* optional */ = {
			isa = PBXNativeTarget;
			buildConfigurationList = DD0EC3FA20B9CF8D00501D72 /* Build configuration list for PBXNativeTarget "optional" */;
			buildPhases = (
				DD0EC3F020B9CF8D00501D72 /* Sources */,
				DD0EC3F120B9CF8D00501D72 /* Frameworks */,
				DD0EC3F220B9CF8D00501D72 /* CopyFiles */,
			);
			buildRules = (
			);
			dependencies = (
			);
			name = optional;
			productName = Calcute;
			productReference = DD0EC3F420B9CF8D00501D72 /* optional */;
			productType = "com.apple.product-type.tool";
		};
		DD0EC40020BB107F00501D72 /* tuple */ = {
			isa = PBXNativeTarget;
			buildConfigurationList = DD0EC40520BB107F00501D72 /* Build configuration list for PBXNativeTarget "tuple" */;
			buildPhases = (
				DD0EC3FD20BB107F00501D72 /* Sources */,
				DD0EC3FE20BB107F00501D72 /* Frameworks */,
				DD0EC3FF20BB107F00501D72 /* CopyFiles */,
			);
			buildRules = (
			);
			dependencies = (
			);
			name = tuple;
			productName = tuple;
			productReference = DD0EC40120BB107F00501D72 /* tuple */;
			productType = "com.apple.product-type.tool";
		};
		DD0EC40B20BB931600501D72 /* class */ = {
			isa = PBXNativeTarget;
			buildConfigurationList = DD0EC41020BB931600501D72 /* Build configuration list for PBXNativeTarget "class" */;
			buildPhases = (
				DD0EC40820BB931600501D72 /* Sources */,
				DD0EC40920BB931600501D72 /* Frameworks */,
				DD0EC40A20BB931600501D72 /* CopyFiles */,
			);
			buildRules = (
			);
			dependencies = (
			);
			name = class;
			productName = class;
			productReference = DD0EC40C20BB931600501D72 /* class */;
			productType = "com.apple.product-type.tool";
		};
		DD0EC41A20BBD4A700501D72 /* string */ = {
			isa = PBXNativeTarget;
			buildConfigurationList = DD0EC41F20BBD4A700501D72 /* Build configuration list for PBXNativeTarget "string" */;
			buildPhases = (
				DD0EC41720BBD4A700501D72 /* Sources */,
				DD0EC41820BBD4A700501D72 /* Frameworks */,
				DD0EC41920BBD4A700501D72 /* CopyFiles */,
			);
			buildRules = (
			);
			dependencies = (
			);
			name = string;
			productName = string;
			productReference = DD0EC41B20BBD4A700501D72 /* string */;
			productType = "com.apple.product-type.tool";
		};
		DD0EC42520BD8F5F00501D72 /* fundemental */ = {
			isa = PBXNativeTarget;
			buildConfigurationList = DD0EC42A20BD8F5F00501D72 /* Build configuration list for PBXNativeTarget "fundemental" */;
			buildPhases = (
				DD0EC42220BD8F5F00501D72 /* Sources */,
				DD0EC42320BD8F5F00501D72 /* Frameworks */,
				DD0EC42420BD8F5F00501D72 /* CopyFiles */,
			);
			buildRules = (
			);
			dependencies = (
			);
			name = fundemental;
			productName = fundemental;
			productReference = DD0EC42620BD8F5F00501D72 /* fundemental */;
			productType = "com.apple.product-type.tool";
		};
		DD0EC43020BDB09200501D72 /* closures */ = {
			isa = PBXNativeTarget;
			buildConfigurationList = DD0EC43520BDB09200501D72 /* Build configuration list for PBXNativeTarget "closures" */;
			buildPhases = (
				DD0EC42D20BDB09200501D72 /* Sources */,
				DD0EC42E20BDB09200501D72 /* Frameworks */,
				DD0EC42F20BDB09200501D72 /* CopyFiles */,
			);
			buildRules = (
			);
			dependencies = (
			);
			name = closures;
			productName = closures;
			productReference = DD0EC43120BDB09200501D72 /* closures */;
			productType = "com.apple.product-type.tool";
		};
		DD73815320B9AF4E00DBB991 /* func */ = {
			isa = PBXNativeTarget;
			buildConfigurationList = DD73815B20B9AF4E00DBB991 /* Build configuration list for PBXNativeTarget "func" */;
			buildPhases = (
				DD73815020B9AF4E00DBB991 /* Sources */,
				DD73815120B9AF4E00DBB991 /* Frameworks */,
				DD73815220B9AF4E00DBB991 /* CopyFiles */,
			);
			buildRules = (
			);
			dependencies = (
			);
			name = func;
			productName = SwiftStudy;
			productReference = DD73815420B9AF4E00DBB991 /* func */;
			productType = "com.apple.product-type.tool";
		};
/* End PBXNativeTarget section */

/* Begin PBXProject section */
		DD73814C20B9AF4D00DBB991 /* Project object */ = {
			isa = PBXProject;
			attributes = {
				LastSwiftUpdateCheck = 0920;
				LastUpgradeCheck = 0920;
				ORGANIZATIONNAME = macleo;
				TargetAttributes = {
					DD0EC3F320B9CF8D00501D72 = {
						CreatedOnToolsVersion = 9.2;
						ProvisioningStyle = Automatic;
					};
					DD0EC40020BB107F00501D72 = {
						CreatedOnToolsVersion = 9.2;
						ProvisioningStyle = Automatic;
					};
					DD0EC40B20BB931600501D72 = {
						CreatedOnToolsVersion = 9.2;
						ProvisioningStyle = Automatic;
					};
					DD0EC41A20BBD4A700501D72 = {
						CreatedOnToolsVersion = 9.2;
						ProvisioningStyle = Automatic;
					};
					DD0EC42520BD8F5F00501D72 = {
						CreatedOnToolsVersion = 9.2;
						ProvisioningStyle = Automatic;
					};
					DD0EC43020BDB09200501D72 = {
						CreatedOnToolsVersion = 9.2;
						ProvisioningStyle = Automatic;
					};
					DD73815320B9AF4E00DBB991 = {
						CreatedOnToolsVersion = 9.2;
						ProvisioningStyle = Automatic;
					};
				};
			};
			buildConfigurationList = DD73814F20B9AF4D00DBB991 /* Build configuration list for PBXProject "SwiftStudy" */;
			compatibilityVersion = "Xcode 8.0";
			developmentRegion = en;
			hasScannedForEncodings = 0;
			knownRegions = (
				en,
			);
			mainGroup = DD73814B20B9AF4D00DBB991;
			productRefGroup = DD73815520B9AF4E00DBB991 /* Products */;
			projectDirPath = "";
			projectRoot = "";
			targets = (
				DD73815320B9AF4E00DBB991 /* func */,
				DD0EC3F320B9CF8D00501D72 /* optional */,
				DD0EC40020BB107F00501D72 /* tuple */,
				DD0EC40B20BB931600501D72 /* class */,
				DD0EC41A20BBD4A700501D72 /* string */,
				DD0EC42520BD8F5F00501D72 /* fundemental */,
				DD0EC43020BDB09200501D72 /* closures */,
			);
		};
/* End PBXProject section */

/* Begin PBXSourcesBuildPhase section */
		DD0EC3F020B9CF8D00501D72 /* Sources */ = {
			isa = PBXSourcesBuildPhase;
			buildActionMask = 2147483647;
			files = (
				DD0EC3F720B9CF8D00501D72 /* main.swift in Sources */,
			);
			runOnlyForDeploymentPostprocessing = 0;
		};
		DD0EC3FD20BB107F00501D72 /* Sources */ = {
			isa = PBXSourcesBuildPhase;
			buildActionMask = 2147483647;
			files = (
				DD0EC40420BB107F00501D72 /* main.swift in Sources */,
			);
			runOnlyForDeploymentPostprocessing = 0;
		};
		DD0EC40820BB931600501D72 /* Sources */ = {
			isa = PBXSourcesBuildPhase;
			buildActionMask = 2147483647;
			files = (
				DD0EC43B20BEE98900501D72 /* People.swift in Sources */,
				DD0EC40F20BB931600501D72 /* main.swift in Sources */,
				DD0EC41420BBCB2700501D72 /* Animal.swift in Sources */,
				DD0EC43D20BF234800501D72 /* Dog.swift in Sources */,
				DD0EC41620BBCBDC00501D72 /* Person.swift in Sources */,
			);
			runOnlyForDeploymentPostprocessing = 0;
		};
		DD0EC41720BBD4A700501D72 /* Sources */ = {
			isa = PBXSourcesBuildPhase;
			buildActionMask = 2147483647;
			files = (
				DD0EC41E20BBD4A700501D72 /* main.swift in Sources */,
			);
			runOnlyForDeploymentPostprocessing = 0;
		};
		DD0EC42220BD8F5F00501D72 /* Sources */ = {
			isa = PBXSourcesBuildPhase;
			buildActionMask = 2147483647;
			files = (
				DD0EC42920BD8F5F00501D72 /* main.swift in Sources */,
			);
			runOnlyForDeploymentPostprocessing = 0;
		};
		DD0EC42D20BDB09200501D72 /* Sources */ = {
			isa = PBXSourcesBuildPhase;
			buildActionMask = 2147483647;
			files = (
				DD0EC43420BDB09200501D72 /* main.swift in Sources */,
			);
			runOnlyForDeploymentPostprocessing = 0;
		};
		DD73815020B9AF4E00DBB991 /* Sources */ = {
			isa = PBXSourcesBuildPhase;
			buildActionMask = 2147483647;
			files = (
				DD73815820B9AF4E00DBB991 /* main.swift in Sources */,
			);
			runOnlyForDeploymentPostprocessing = 0;
		};
/* End PBXSourcesBuildPhase section */

/* Begin XCBuildConfiguration section */
		DD0EC3F820B9CF8D00501D72 /* Debug */ = {
			isa = XCBuildConfiguration;
			buildSettings = {
				CODE_SIGN_STYLE = Automatic;
				PRODUCT_NAME = "$(TARGET_NAME)";
				SWIFT_VERSION = 4.0;
			};
			name = Debug;
		};
		DD0EC3F920B9CF8D00501D72 /* Release */ = {
			isa = XCBuildConfiguration;
			buildSettings = {
				CODE_SIGN_STYLE = Automatic;
				PRODUCT_NAME = "$(TARGET_NAME)";
				SWIFT_VERSION = 4.0;
			};
			name = Release;
		};
		DD0EC40620BB107F00501D72 /* Debug */ = {
			isa = XCBuildConfiguration;
			buildSettings = {
				CODE_SIGN_STYLE = Automatic;
				PRODUCT_NAME = "$(TARGET_NAME)";
				SWIFT_VERSION = 4.0;
			};
			name = Debug;
		};
		DD0EC40720BB107F00501D72 /* Release */ = {
			isa = XCBuildConfiguration;
			buildSettings = {
				CODE_SIGN_STYLE = Automatic;
				PRODUCT_NAME = "$(TARGET_NAME)";
				SWIFT_VERSION = 4.0;
			};
			name = Release;
		};
		DD0EC41120BB931600501D72 /* Debug */ = {
			isa = XCBuildConfiguration;
			buildSettings = {
				CODE_SIGN_STYLE = Automatic;
				PRODUCT_NAME = "$(TARGET_NAME)";
				SWIFT_VERSION = 4.0;
			};
			name = Debug;
		};
		DD0EC41220BB931600501D72 /* Release */ = {
			isa = XCBuildConfiguration;
			buildSettings = {
				CODE_SIGN_STYLE = Automatic;
				PRODUCT_NAME = "$(TARGET_NAME)";
				SWIFT_VERSION = 4.0;
			};
			name = Release;
		};
		DD0EC42020BBD4A700501D72 /* Debug */ = {
			isa = XCBuildConfiguration;
			buildSettings = {
				CODE_SIGN_STYLE = Automatic;
				PRODUCT_NAME = "$(TARGET_NAME)";
				SWIFT_VERSION = 4.0;
			};
			name = Debug;
		};
		DD0EC42120BBD4A700501D72 /* Release */ = {
			isa = XCBuildConfiguration;
			buildSettings = {
				CODE_SIGN_STYLE = Automatic;
				PRODUCT_NAME = "$(TARGET_NAME)";
				SWIFT_VERSION = 4.0;
			};
			name = Release;
		};
		DD0EC42B20BD8F5F00501D72 /* Debug */ = {
			isa = XCBuildConfiguration;
			buildSettings = {
				CODE_SIGN_STYLE = Automatic;
				PRODUCT_NAME = "$(TARGET_NAME)";
				SWIFT_VERSION = 4.0;
			};
			name = Debug;
		};
		DD0EC42C20BD8F5F00501D72 /* Release */ = {
			isa = XCBuildConfiguration;
			buildSettings = {
				CODE_SIGN_STYLE = Automatic;
				PRODUCT_NAME = "$(TARGET_NAME)";
				SWIFT_VERSION = 4.0;
			};
			name = Release;
		};
		DD0EC43620BDB09200501D72 /* Debug */ = {
			isa = XCBuildConfiguration;
			buildSettings = {
				CODE_SIGN_STYLE = Automatic;
				PRODUCT_NAME = "$(TARGET_NAME)";
				SWIFT_VERSION = 4.0;
			};
			name = Debug;
		};
		DD0EC43720BDB09200501D72 /* Release */ = {
			isa = XCBuildConfiguration;
			buildSettings = {
				CODE_SIGN_STYLE = Automatic;
				PRODUCT_NAME = "$(TARGET_NAME)";
				SWIFT_VERSION = 4.0;
			};
			name = Release;
		};
		DD73815920B9AF4E00DBB991 /* Debug */ = {
			isa = XCBuildConfiguration;
			buildSettings = {
				ALWAYS_SEARCH_USER_PATHS = NO;
				CLANG_ANALYZER_NONNULL = YES;
				CLANG_ANALYZER_NUMBER_OBJECT_CONVERSION = YES_AGGRESSIVE;
				CLANG_CXX_LANGUAGE_STANDARD = "gnu++14";
				CLANG_CXX_LIBRARY = "libc++";
				CLANG_ENABLE_MODULES = YES;
				CLANG_ENABLE_OBJC_ARC = YES;
				CLANG_WARN_BLOCK_CAPTURE_AUTORELEASING = YES;
				CLANG_WARN_BOOL_CONVERSION = YES;
				CLANG_WARN_COMMA = YES;
				CLANG_WARN_CONSTANT_CONVERSION = YES;
				CLANG_WARN_DIRECT_OBJC_ISA_USAGE = YES_ERROR;
				CLANG_WARN_DOCUMENTATION_COMMENTS = YES;
				CLANG_WARN_EMPTY_BODY = YES;
				CLANG_WARN_ENUM_CONVERSION = YES;
				CLANG_WARN_INFINITE_RECURSION = YES;
				CLANG_WARN_INT_CONVERSION = YES;
				CLANG_WARN_NON_LITERAL_NULL_CONVERSION = YES;
				CLANG_WARN_OBJC_LITERAL_CONVERSION = YES;
				CLANG_WARN_OBJC_ROOT_CLASS = YES_ERROR;
				CLANG_WARN_RANGE_LOOP_ANALYSIS = YES;
				CLANG_WARN_STRICT_PROTOTYPES = YES;
				CLANG_WARN_SUSPICIOUS_MOVE = YES;
				CLANG_WARN_UNGUARDED_AVAILABILITY = YES_AGGRESSIVE;
				CLANG_WARN_UNREACHABLE_CODE = YES;
				CLANG_WARN__DUPLICATE_METHOD_MATCH = YES;
				CODE_SIGN_IDENTITY = "-";
				COPY_PHASE_STRIP = NO;
				DEBUG_INFORMATION_FORMAT = dwarf;
				ENABLE_STRICT_OBJC_MSGSEND = YES;
				ENABLE_TESTABILITY = YES;
				GCC_C_LANGUAGE_STANDARD = gnu11;
				GCC_DYNAMIC_NO_PIC = NO;
				GCC_NO_COMMON_BLOCKS = YES;
				GCC_OPTIMIZATION_LEVEL = 0;
				GCC_PREPROCESSOR_DEFINITIONS = (
					"DEBUG=1",
					"$(inherited)",
				);
				GCC_WARN_64_TO_32_BIT_CONVERSION = YES;
				GCC_WARN_ABOUT_RETURN_TYPE = YES_ERROR;
				GCC_WARN_UNDECLARED_SELECTOR = YES;
				GCC_WARN_UNINITIALIZED_AUTOS = YES_AGGRESSIVE;
				GCC_WARN_UNUSED_FUNCTION = YES;
				GCC_WARN_UNUSED_VARIABLE = YES;
				MACOSX_DEPLOYMENT_TARGET = 10.12;
				MTL_ENABLE_DEBUG_INFO = YES;
				ONLY_ACTIVE_ARCH = YES;
				SDKROOT = macosx;
				SWIFT_ACTIVE_COMPILATION_CONDITIONS = DEBUG;
				SWIFT_OPTIMIZATION_LEVEL = "-Onone";
			};
			name = Debug;
		};
		DD73815A20B9AF4E00DBB991 /* Release */ = {
			isa = XCBuildConfiguration;
			buildSettings = {
				ALWAYS_SEARCH_USER_PATHS = NO;
				CLANG_ANALYZER_NONNULL = YES;
				CLANG_ANALYZER_NUMBER_OBJECT_CONVERSION = YES_AGGRESSIVE;
				CLANG_CXX_LANGUAGE_STANDARD = "gnu++14";
				CLANG_CXX_LIBRARY = "libc++";
				CLANG_ENABLE_MODULES = YES;
				CLANG_ENABLE_OBJC_ARC = YES;
				CLANG_WARN_BLOCK_CAPTURE_AUTORELEASING = YES;
				CLANG_WARN_BOOL_CONVERSION = YES;
				CLANG_WARN_COMMA = YES;
				CLANG_WARN_CONSTANT_CONVERSION = YES;
				CLANG_WARN_DIRECT_OBJC_ISA_USAGE = YES_ERROR;
				CLANG_WARN_DOCUMENTATION_COMMENTS = YES;
				CLANG_WARN_EMPTY_BODY = YES;
				CLANG_WARN_ENUM_CONVERSION = YES;
				CLANG_WARN_INFINITE_RECURSION = YES;
				CLANG_WARN_INT_CONVERSION = YES;
				CLANG_WARN_NON_LITERAL_NULL_CONVERSION = YES;
				CLANG_WARN_OBJC_LITERAL_CONVERSION = YES;
				CLANG_WARN_OBJC_ROOT_CLASS = YES_ERROR;
				CLANG_WARN_RANGE_LOOP_ANALYSIS = YES;
				CLANG_WARN_STRICT_PROTOTYPES = YES;
				CLANG_WARN_SUSPICIOUS_MOVE = YES;
				CLANG_WARN_UNGUARDED_AVAILABILITY = YES_AGGRESSIVE;
				CLANG_WARN_UNREACHABLE_CODE = YES;
				CLANG_WARN__DUPLICATE_METHOD_MATCH = YES;
				CODE_SIGN_IDENTITY = "-";
				COPY_PHASE_STRIP = NO;
				DEBUG_INFORMATION_FORMAT = "dwarf-with-dsym";
				ENABLE_NS_ASSERTIONS = NO;
				ENABLE_STRICT_OBJC_MSGSEND = YES;
				GCC_C_LANGUAGE_STANDARD = gnu11;
				GCC_NO_COMMON_BLOCKS = YES;
				GCC_WARN_64_TO_32_BIT_CONVERSION = YES;
				GCC_WARN_ABOUT_RETURN_TYPE = YES_ERROR;
				GCC_WARN_UNDECLARED_SELECTOR = YES;
				GCC_WARN_UNINITIALIZED_AUTOS = YES_AGGRESSIVE;
				GCC_WARN_UNUSED_FUNCTION = YES;
				GCC_WARN_UNUSED_VARIABLE = YES;
				MACOSX_DEPLOYMENT_TARGET = 10.12;
				MTL_ENABLE_DEBUG_INFO = NO;
				SDKROOT = macosx;
				SWIFT_OPTIMIZATION_LEVEL = "-Owholemodule";
			};
			name = Release;
		};
		DD73815C20B9AF4E00DBB991 /* Debug */ = {
			isa = XCBuildConfiguration;
			buildSettings = {
				CODE_SIGN_STYLE = Automatic;
				DEVELOPMENT_TEAM = "";
				PRODUCT_NAME = "$(TARGET_NAME)";
				SWIFT_VERSION = 4.0;
			};
			name = Debug;
		};
		DD73815D20B9AF4E00DBB991 /* Release */ = {
			isa = XCBuildConfiguration;
			buildSettings = {
				CODE_SIGN_STYLE = Automatic;
				DEVELOPMENT_TEAM = "";
				PRODUCT_NAME = "$(TARGET_NAME)";
				SWIFT_VERSION = 4.0;
			};
			name = Release;
		};
/* End XCBuildConfiguration section */

/* Begin XCConfigurationList section */
		DD0EC3FA20B9CF8D00501D72 /* Build configuration list for PBXNativeTarget "optional" */ = {
			isa = XCConfigurationList;
			buildConfigurations = (
				DD0EC3F820B9CF8D00501D72 /* Debug */,
				DD0EC3F920B9CF8D00501D72 /* Release */,
			);
			defaultConfigurationIsVisible = 0;
			defaultConfigurationName = Release;
		};
		DD0EC40520BB107F00501D72 /* Build configuration list for PBXNativeTarget "tuple" */ = {
			isa = XCConfigurationList;
			buildConfigurations = (
				DD0EC40620BB107F00501D72 /* Debug */,
				DD0EC40720BB107F00501D72 /* Release */,
			);
			defaultConfigurationIsVisible = 0;
			defaultConfigurationName = Release;
		};
		DD0EC41020BB931600501D72 /* Build configuration list for PBXNativeTarget "class" */ = {
			isa = XCConfigurationList;
			buildConfigurations = (
				DD0EC41120BB931600501D72 /* Debug */,
				DD0EC41220BB931600501D72 /* Release */,
			);
			defaultConfigurationIsVisible = 0;
			defaultConfigurationName = Release;
		};
		DD0EC41F20BBD4A700501D72 /* Build configuration list for PBXNativeTarget "string" */ = {
			isa = XCConfigurationList;
			buildConfigurations = (
				DD0EC42020BBD4A700501D72 /* Debug */,
				DD0EC42120BBD4A700501D72 /* Release */,
			);
			defaultConfigurationIsVisible = 0;
			defaultConfigurationName = Release;
		};
		DD0EC42A20BD8F5F00501D72 /* Build configuration list for PBXNativeTarget "fundemental" */ = {
			isa = XCConfigurationList;
			buildConfigurations = (
				DD0EC42B20BD8F5F00501D72 /* Debug */,
				DD0EC42C20BD8F5F00501D72 /* Release */,
			);
			defaultConfigurationIsVisible = 0;
			defaultConfigurationName = Release;
		};
		DD0EC43520BDB09200501D72 /* Build configuration list for PBXNativeTarget "closures" */ = {
			isa = XCConfigurationList;
			buildConfigurations = (
				DD0EC43620BDB09200501D72 /* Debug */,
				DD0EC43720BDB09200501D72 /* Release */,
			);
			defaultConfigurationIsVisible = 0;
			defaultConfigurationName = Release;
		};
		DD73814F20B9AF4D00DBB991 /* Build configuration list for PBXProject "SwiftStudy" */ = {
			isa = XCConfigurationList;
			buildConfigurations = (
				DD73815920B9AF4E00DBB991 /* Debug */,
				DD73815A20B9AF4E00DBB991 /* Release */,
			);
			defaultConfigurationIsVisible = 0;
			defaultConfigurationName = Release;
		};
		DD73815B20B9AF4E00DBB991 /* Build configuration list for PBXNativeTarget "func" */ = {
			isa = XCConfigurationList;
			buildConfigurations = (
				DD73815C20B9AF4E00DBB991 /* Debug */,
				DD73815D20B9AF4E00DBB991 /* Release */,
			);
			defaultConfigurationIsVisible = 0;
			defaultConfigurationName = Release;
		};
/* End XCConfigurationList section */
	};
	rootObject = DD73814C20B9AF4D00DBB991 /* Project object */;
}
